
Microsoft Visual Studio Solution File, Format Version 12.00
# Visual Studio 14
VisualStudioVersion = 14.0.25420.1
MinimumVisualStudioVersion = 10.0.40219.1
Project("{FAE04EC0-301F-11D3-BF4B-00C04F79EFBC}") = "PillarPencilKata", "PillarPencilKata\PillarPencilKata.csproj", "{CAB9AF72-5DA7-4914-AC14-F68DEDD5B166}"
EndProject
Project("{FAE04EC0-301F-11D3-BF4B-00C04F79EFBC}") = "PencilKataTest", "PencilKataTest\PencilKataTest.csproj", "{8ADFDED0-0883-4808-9E02-015A99B5A3B1}"
EndProject
Global
	GlobalSection(SolutionConfigurationPlatforms) = preSolution
		Debug|Any CPU = Debug|Any CPU
		Release|Any CPU = Release|Any CPU
	EndGlobalSection
	GlobalSection(ProjectConfigurationPlatforms) = postSolution
		{CAB9AF72-5DA7-4914-AC14-F68DEDD5B166}.Debug|Any CPU.ActiveCfg = Debug|Any CPU
		{CAB9AF72-5DA7-4914-AC14-F68DEDD5B166}.Debug|Any CPU.Build.0 = Debug|Any CPU
		{CAB9AF72-5DA7-4914-AC14-F68DEDD5B166}.Release|Any CPU.ActiveCfg = Release|Any CPU
		{CAB9AF72-5DA7-4914-AC14-F68DEDD5B166}.Release|Any CPU.Build.0 = Release|Any CPU
		{8ADFDED0-0883-4808-9E02-015A99B5A3B1}.Debug|Any CPU.ActiveCfg = Debug|Any CPU
		{8ADFDED0-0883-4808-9E02-015A99B5A3B1}.Debug|Any CPU.Build.0 = Debug|Any CPU
		{8ADFDED0-0883-4808-9E02-015A99B5A3B1}.Release|Any CPU.ActiveCfg = Release|Any CPU
		{8ADFDED0-0883-4808-9E02-015A99B5A3B1}.Release|Any CPU.Build.0 = Release|Any CPU
	EndGlobalSection
	GlobalSection(SolutionProperties) = preSolution
		HideSolutionNode = FALSE
	EndGlobalSection
EndGlobal
